// !$*UTF8*$!
{
	archiveVersion = 1;
	classes = {
	};
	objectVersion = 56;
	objects = {

/* Begin PBXBuildFile section */
		002DC1D02B5B02C2000E136B /* ImagesListCellDelegate.swift in Sources */ = {isa = PBXBuildFile; fileRef = 002DC1CF2B5B02C2000E136B /* ImagesListCellDelegate.swift */; };
		002DC1D22B5B29EF000E136B /* Date+Extension.swift in Sources */ = {isa = PBXBuildFile; fileRef = 002DC1D12B5B29EF000E136B /* Date+Extension.swift */; };
		0045893A2B5A7E2D007E1A62 /* ImagesListService.swift in Sources */ = {isa = PBXBuildFile; fileRef = 004589392B5A7E2D007E1A62 /* ImagesListService.swift */; };
		0045893D2B5A7E6F007E1A62 /* Photo.swift in Sources */ = {isa = PBXBuildFile; fileRef = 0045893C2B5A7E6F007E1A62 /* Photo.swift */; };
		004589402B5A813E007E1A62 /* PhotoResult.swift in Sources */ = {isa = PBXBuildFile; fileRef = 0045893F2B5A813E007E1A62 /* PhotoResult.swift */; };
		0073E7962B05E22000E05D1C /* ProfileViewController.swift in Sources */ = {isa = PBXBuildFile; fileRef = 0073E7952B05E22000E05D1C /* ProfileViewController.swift */; };
		0073E7992B06037C00E05D1C /* SingleImageViewController.swift in Sources */ = {isa = PBXBuildFile; fileRef = 0073E7982B06037C00E05D1C /* SingleImageViewController.swift */; };
		00A16D842AFB74DB0007E1A5 /* AppDelegate.swift in Sources */ = {isa = PBXBuildFile; fileRef = 00A16D832AFB74DB0007E1A5 /* AppDelegate.swift */; };
		00A16D862AFB74DB0007E1A5 /* SceneDelegate.swift in Sources */ = {isa = PBXBuildFile; fileRef = 00A16D852AFB74DB0007E1A5 /* SceneDelegate.swift */; };
		00A16D882AFB74DB0007E1A5 /* ImagesListViewController.swift in Sources */ = {isa = PBXBuildFile; fileRef = 00A16D872AFB74DB0007E1A5 /* ImagesListViewController.swift */; };
		00A16D8B2AFB74DB0007E1A5 /* Main.storyboard in Resources */ = {isa = PBXBuildFile; fileRef = 00A16D892AFB74DB0007E1A5 /* Main.storyboard */; };
		00A16D8D2AFB74DC0007E1A5 /* Assets.xcassets in Resources */ = {isa = PBXBuildFile; fileRef = 00A16D8C2AFB74DC0007E1A5 /* Assets.xcassets */; };
		00A16D902AFB74DC0007E1A5 /* LaunchScreen.storyboard in Resources */ = {isa = PBXBuildFile; fileRef = 00A16D8E2AFB74DC0007E1A5 /* LaunchScreen.storyboard */; };
		00A16DBA2AFCAD650007E1A5 /* ImagesListCell.swift in Sources */ = {isa = PBXBuildFile; fileRef = 00A16DB92AFCAD650007E1A5 /* ImagesListCell.swift */; };
		00B3F4452B2B063600EB0D6B /* ProgressHUD in Frameworks */ = {isa = PBXBuildFile; productRef = 00B3F4442B2B063600EB0D6B /* ProgressHUD */; };
		00B3F4472B2B15EF00EB0D6B /* UIBlockingProgressHUD.swift in Sources */ = {isa = PBXBuildFile; fileRef = 00B3F4462B2B15EF00EB0D6B /* UIBlockingProgressHUD.swift */; };
		00B3F44B2B2B335700EB0D6B /* ProfileService.swift in Sources */ = {isa = PBXBuildFile; fileRef = 00B3F44A2B2B335700EB0D6B /* ProfileService.swift */; };
		00B3F44E2B2B33FA00EB0D6B /* ProfileResult.swift in Sources */ = {isa = PBXBuildFile; fileRef = 00B3F44D2B2B33FA00EB0D6B /* ProfileResult.swift */; };
		00B3F4502B2B354800EB0D6B /* Profile.swift in Sources */ = {isa = PBXBuildFile; fileRef = 00B3F44F2B2B354800EB0D6B /* Profile.swift */; };
		00B3F4522B2B482B00EB0D6B /* ProfileImageService.swift in Sources */ = {isa = PBXBuildFile; fileRef = 00B3F4512B2B482B00EB0D6B /* ProfileImageService.swift */; };
		00B3F4542B2B491E00EB0D6B /* UserResult.swift in Sources */ = {isa = PBXBuildFile; fileRef = 00B3F4532B2B491E00EB0D6B /* UserResult.swift */; };
		00B3F4572B2B745500EB0D6B /* Kingfisher in Frameworks */ = {isa = PBXBuildFile; productRef = 00B3F4562B2B745500EB0D6B /* Kingfisher */; };
		00B3F4592B2BB8A700EB0D6B /* Kingfisher in Frameworks */ = {isa = PBXBuildFile; productRef = 00B3F4582B2BB8A700EB0D6B /* Kingfisher */; };
		00B3F45C2B2BB8CB00EB0D6B /* SwiftKeychainWrapper in Frameworks */ = {isa = PBXBuildFile; productRef = 00B3F45B2B2BB8CB00EB0D6B /* SwiftKeychainWrapper */; };
		00B3F45F2B2BBBAA00EB0D6B /* TabBarController.swift in Sources */ = {isa = PBXBuildFile; fileRef = 00B3F45E2B2BBBAA00EB0D6B /* TabBarController.swift */; };
		00DBC1772B185DA700798165 /* Constants.swift in Sources */ = {isa = PBXBuildFile; fileRef = 00DBC1762B185DA700798165 /* Constants.swift */; };
		00DBC17A2B1A266200798165 /* AuthViewController.swift in Sources */ = {isa = PBXBuildFile; fileRef = 00DBC1792B1A266200798165 /* AuthViewController.swift */; };
		00DBC17C2B1A26E300798165 /* WebViewViewController.swift in Sources */ = {isa = PBXBuildFile; fileRef = 00DBC17B2B1A26E300798165 /* WebViewViewController.swift */; };
		00DBC17E2B1A338800798165 /* WebViewViewControllerDelegate.swift in Sources */ = {isa = PBXBuildFile; fileRef = 00DBC17D2B1A338800798165 /* WebViewViewControllerDelegate.swift */; };
		00DBC1802B1A686A00798165 /* OAuthTokenResponseBody.swift in Sources */ = {isa = PBXBuildFile; fileRef = 00DBC17F2B1A686A00798165 /* OAuthTokenResponseBody.swift */; };
		00DBC1822B1A691A00798165 /* OAuth2Service.swift in Sources */ = {isa = PBXBuildFile; fileRef = 00DBC1812B1A691A00798165 /* OAuth2Service.swift */; };
		00DBC1842B1A696A00798165 /* OAuth2TokenStorage.swift in Sources */ = {isa = PBXBuildFile; fileRef = 00DBC1832B1A696A00798165 /* OAuth2TokenStorage.swift */; };
		00DBC18A2B1A6C4100798165 /* URLSession+Extensions.swift in Sources */ = {isa = PBXBuildFile; fileRef = 00DBC1892B1A6C4100798165 /* URLSession+Extensions.swift */; };
		00DBC18C2B1A6C5F00798165 /* URLRequest+Extensions.swift in Sources */ = {isa = PBXBuildFile; fileRef = 00DBC18B2B1A6C5F00798165 /* URLRequest+Extensions.swift */; };
		00DBC18F2B1A76DD00798165 /* SplashScreenViewController.swift in Sources */ = {isa = PBXBuildFile; fileRef = 00DBC18E2B1A76DD00798165 /* SplashScreenViewController.swift */; };
		00DBC1912B1A7A6900798165 /* AuthViewControllerDelegate.swift in Sources */ = {isa = PBXBuildFile; fileRef = 00DBC1902B1A7A6900798165 /* AuthViewControllerDelegate.swift */; };
/* End PBXBuildFile section */

/* Begin PBXFileReference section */
		002DC1CF2B5B02C2000E136B /* ImagesListCellDelegate.swift */ = {isa = PBXFileReference; lastKnownFileType = sourcecode.swift; path = ImagesListCellDelegate.swift; sourceTree = "<group>"; };
		002DC1D12B5B29EF000E136B /* Date+Extension.swift */ = {isa = PBXFileReference; lastKnownFileType = sourcecode.swift; path = "Date+Extension.swift"; sourceTree = "<group>"; };
		004589392B5A7E2D007E1A62 /* ImagesListService.swift */ = {isa = PBXFileReference; lastKnownFileType = sourcecode.swift; path = ImagesListService.swift; sourceTree = "<group>"; };
		0045893C2B5A7E6F007E1A62 /* Photo.swift */ = {isa = PBXFileReference; lastKnownFileType = sourcecode.swift; path = Photo.swift; sourceTree = "<group>"; };
		0045893F2B5A813E007E1A62 /* PhotoResult.swift */ = {isa = PBXFileReference; lastKnownFileType = sourcecode.swift; path = PhotoResult.swift; sourceTree = "<group>"; };
		0073E7952B05E22000E05D1C /* ProfileViewController.swift */ = {isa = PBXFileReference; lastKnownFileType = sourcecode.swift; path = ProfileViewController.swift; sourceTree = "<group>"; };
		0073E7982B06037C00E05D1C /* SingleImageViewController.swift */ = {isa = PBXFileReference; lastKnownFileType = sourcecode.swift; path = SingleImageViewController.swift; sourceTree = "<group>"; };
		00A16D802AFB74DB0007E1A5 /* ImageFeed.app */ = {isa = PBXFileReference; explicitFileType = wrapper.application; includeInIndex = 0; path = ImageFeed.app; sourceTree = BUILT_PRODUCTS_DIR; };
		00A16D832AFB74DB0007E1A5 /* AppDelegate.swift */ = {isa = PBXFileReference; lastKnownFileType = sourcecode.swift; path = AppDelegate.swift; sourceTree = "<group>"; };
		00A16D852AFB74DB0007E1A5 /* SceneDelegate.swift */ = {isa = PBXFileReference; lastKnownFileType = sourcecode.swift; path = SceneDelegate.swift; sourceTree = "<group>"; };
		00A16D872AFB74DB0007E1A5 /* ImagesListViewController.swift */ = {isa = PBXFileReference; lastKnownFileType = sourcecode.swift; path = ImagesListViewController.swift; sourceTree = "<group>"; };
		00A16D8A2AFB74DB0007E1A5 /* Base */ = {isa = PBXFileReference; lastKnownFileType = file.storyboard; name = Base; path = Base.lproj/Main.storyboard; sourceTree = "<group>"; };
		00A16D8C2AFB74DC0007E1A5 /* Assets.xcassets */ = {isa = PBXFileReference; lastKnownFileType = folder.assetcatalog; path = Assets.xcassets; sourceTree = "<group>"; };
		00A16D8F2AFB74DC0007E1A5 /* Base */ = {isa = PBXFileReference; lastKnownFileType = file.storyboard; name = Base; path = Base.lproj/LaunchScreen.storyboard; sourceTree = "<group>"; };
		00A16D912AFB74DC0007E1A5 /* Info.plist */ = {isa = PBXFileReference; lastKnownFileType = text.plist.xml; path = Info.plist; sourceTree = "<group>"; };
		00A16DB92AFCAD650007E1A5 /* ImagesListCell.swift */ = {isa = PBXFileReference; lastKnownFileType = sourcecode.swift; path = ImagesListCell.swift; sourceTree = "<group>"; };
		00B3F4462B2B15EF00EB0D6B /* UIBlockingProgressHUD.swift */ = {isa = PBXFileReference; lastKnownFileType = sourcecode.swift; path = UIBlockingProgressHUD.swift; sourceTree = "<group>"; };
		00B3F44A2B2B335700EB0D6B /* ProfileService.swift */ = {isa = PBXFileReference; lastKnownFileType = sourcecode.swift; path = ProfileService.swift; sourceTree = "<group>"; };
		00B3F44D2B2B33FA00EB0D6B /* ProfileResult.swift */ = {isa = PBXFileReference; lastKnownFileType = sourcecode.swift; path = ProfileResult.swift; sourceTree = "<group>"; };
		00B3F44F2B2B354800EB0D6B /* Profile.swift */ = {isa = PBXFileReference; lastKnownFileType = sourcecode.swift; path = Profile.swift; sourceTree = "<group>"; };
		00B3F4512B2B482B00EB0D6B /* ProfileImageService.swift */ = {isa = PBXFileReference; lastKnownFileType = sourcecode.swift; path = ProfileImageService.swift; sourceTree = "<group>"; };
		00B3F4532B2B491E00EB0D6B /* UserResult.swift */ = {isa = PBXFileReference; lastKnownFileType = sourcecode.swift; path = UserResult.swift; sourceTree = "<group>"; };
		00B3F45E2B2BBBAA00EB0D6B /* TabBarController.swift */ = {isa = PBXFileReference; lastKnownFileType = sourcecode.swift; path = TabBarController.swift; sourceTree = "<group>"; };
		00DBC1762B185DA700798165 /* Constants.swift */ = {isa = PBXFileReference; lastKnownFileType = sourcecode.swift; path = Constants.swift; sourceTree = "<group>"; };
		00DBC1792B1A266200798165 /* AuthViewController.swift */ = {isa = PBXFileReference; lastKnownFileType = sourcecode.swift; path = AuthViewController.swift; sourceTree = "<group>"; };
		00DBC17B2B1A26E300798165 /* WebViewViewController.swift */ = {isa = PBXFileReference; lastKnownFileType = sourcecode.swift; path = WebViewViewController.swift; sourceTree = "<group>"; };
		00DBC17D2B1A338800798165 /* WebViewViewControllerDelegate.swift */ = {isa = PBXFileReference; lastKnownFileType = sourcecode.swift; path = WebViewViewControllerDelegate.swift; sourceTree = "<group>"; };
		00DBC17F2B1A686A00798165 /* OAuthTokenResponseBody.swift */ = {isa = PBXFileReference; lastKnownFileType = sourcecode.swift; path = OAuthTokenResponseBody.swift; sourceTree = "<group>"; };
		00DBC1812B1A691A00798165 /* OAuth2Service.swift */ = {isa = PBXFileReference; lastKnownFileType = sourcecode.swift; path = OAuth2Service.swift; sourceTree = "<group>"; };
		00DBC1832B1A696A00798165 /* OAuth2TokenStorage.swift */ = {isa = PBXFileReference; lastKnownFileType = sourcecode.swift; path = OAuth2TokenStorage.swift; sourceTree = "<group>"; };
		00DBC1892B1A6C4100798165 /* URLSession+Extensions.swift */ = {isa = PBXFileReference; lastKnownFileType = sourcecode.swift; path = "URLSession+Extensions.swift"; sourceTree = "<group>"; };
		00DBC18B2B1A6C5F00798165 /* URLRequest+Extensions.swift */ = {isa = PBXFileReference; lastKnownFileType = sourcecode.swift; path = "URLRequest+Extensions.swift"; sourceTree = "<group>"; };
		00DBC18E2B1A76DD00798165 /* SplashScreenViewController.swift */ = {isa = PBXFileReference; lastKnownFileType = sourcecode.swift; path = SplashScreenViewController.swift; sourceTree = "<group>"; };
		00DBC1902B1A7A6900798165 /* AuthViewControllerDelegate.swift */ = {isa = PBXFileReference; lastKnownFileType = sourcecode.swift; path = AuthViewControllerDelegate.swift; sourceTree = "<group>"; };
/* End PBXFileReference section */

/* Begin PBXFrameworksBuildPhase section */
		00A16D7D2AFB74DB0007E1A5 /* Frameworks */ = {
			isa = PBXFrameworksBuildPhase;
			buildActionMask = 2147483647;
			files = (
				00B3F4592B2BB8A700EB0D6B /* Kingfisher in Frameworks */,
				00B3F4572B2B745500EB0D6B /* Kingfisher in Frameworks */,
				00B3F45C2B2BB8CB00EB0D6B /* SwiftKeychainWrapper in Frameworks */,
				00B3F4452B2B063600EB0D6B /* ProgressHUD in Frameworks */,
			);
			runOnlyForDeploymentPostprocessing = 0;
		};
/* End PBXFrameworksBuildPhase section */

/* Begin PBXGroup section */
		004589382B5A7E25007E1A62 /* Services */ = {
			isa = PBXGroup;
			children = (
				004589392B5A7E2D007E1A62 /* ImagesListService.swift */,
				002DC1CF2B5B02C2000E136B /* ImagesListCellDelegate.swift */,
			);
			path = Services;
			sourceTree = "<group>";
		};
		0045893B2B5A7E5E007E1A62 /* Models */ = {
			isa = PBXGroup;
			children = (
				0045893C2B5A7E6F007E1A62 /* Photo.swift */,
				0045893F2B5A813E007E1A62 /* PhotoResult.swift */,
			);
			path = Models;
			sourceTree = "<group>";
		};
		0045893E2B5A7F5C007E1A62 /* Views */ = {
			isa = PBXGroup;
			children = (
				00A16D872AFB74DB0007E1A5 /* ImagesListViewController.swift */,
				00A16DB92AFCAD650007E1A5 /* ImagesListCell.swift */,
			);
			path = Views;
			sourceTree = "<group>";
		};
		0073E7972B05FBC100E05D1C /* Profile */ = {
			isa = PBXGroup;
			children = (
				00B3F44C2B2B33A000EB0D6B /* Models */,
				00B3F4492B2B334400EB0D6B /* Services */,
				00B3F4482B2B333B00EB0D6B /* Views */,
			);
			path = Profile;
			sourceTree = "<group>";
		};
		0073E79A2B06079700E05D1C /* SingleImage */ = {
			isa = PBXGroup;
			children = (
				0073E7982B06037C00E05D1C /* SingleImageViewController.swift */,
			);
			path = SingleImage;
			sourceTree = "<group>";
		};
		00A16D772AFB74DA0007E1A5 = {
			isa = PBXGroup;
			children = (
				00A16D822AFB74DB0007E1A5 /* ImageFeed */,
				00A16D812AFB74DB0007E1A5 /* Products */,
			);
			sourceTree = "<group>";
		};
		00A16D812AFB74DB0007E1A5 /* Products */ = {
			isa = PBXGroup;
			children = (
				00A16D802AFB74DB0007E1A5 /* ImageFeed.app */,
			);
			name = Products;
			sourceTree = "<group>";
		};
		00A16D822AFB74DB0007E1A5 /* ImageFeed */ = {
			isa = PBXGroup;
			children = (
				00B3F45D2B2BBB9400EB0D6B /* TabBar */,
				00DBC1882B1A6BF200798165 /* Helpers */,
				00DBC18D2B1A762000798165 /* SplashScreen */,
				00DBC1782B1A265100798165 /* Auth */,
				0073E79A2B06079700E05D1C /* SingleImage */,
				0073E7972B05FBC100E05D1C /* Profile */,
				00A16DBB2AFCAD8C0007E1A5 /* ImagesList */,
				00A16D832AFB74DB0007E1A5 /* AppDelegate.swift */,
				00A16D852AFB74DB0007E1A5 /* SceneDelegate.swift */,
				00A16D892AFB74DB0007E1A5 /* Main.storyboard */,
				00A16D8C2AFB74DC0007E1A5 /* Assets.xcassets */,
				00A16D8E2AFB74DC0007E1A5 /* LaunchScreen.storyboard */,
				00A16D912AFB74DC0007E1A5 /* Info.plist */,
				00DBC1762B185DA700798165 /* Constants.swift */,
			);
			path = ImageFeed;
			sourceTree = "<group>";
		};
		00A16DBB2AFCAD8C0007E1A5 /* ImagesList */ = {
			isa = PBXGroup;
			children = (
				0045893B2B5A7E5E007E1A62 /* Models */,
				004589382B5A7E25007E1A62 /* Services */,
				0045893E2B5A7F5C007E1A62 /* Views */,
			);
			path = ImagesList;
			sourceTree = "<group>";
		};
		00B3F4482B2B333B00EB0D6B /* Views */ = {
			isa = PBXGroup;
			children = (
				0073E7952B05E22000E05D1C /* ProfileViewController.swift */,
			);
			path = Views;
			sourceTree = "<group>";
		};
		00B3F4492B2B334400EB0D6B /* Services */ = {
			isa = PBXGroup;
			children = (
				00B3F44A2B2B335700EB0D6B /* ProfileService.swift */,
				00B3F4512B2B482B00EB0D6B /* ProfileImageService.swift */,
			);
			path = Services;
			sourceTree = "<group>";
		};
		00B3F44C2B2B33A000EB0D6B /* Models */ = {
			isa = PBXGroup;
			children = (
				00B3F44D2B2B33FA00EB0D6B /* ProfileResult.swift */,
				00B3F44F2B2B354800EB0D6B /* Profile.swift */,
				00B3F4532B2B491E00EB0D6B /* UserResult.swift */,
			);
			path = Models;
			sourceTree = "<group>";
		};
		00B3F45D2B2BBB9400EB0D6B /* TabBar */ = {
			isa = PBXGroup;
			children = (
				00B3F45E2B2BBBAA00EB0D6B /* TabBarController.swift */,
			);
			path = TabBar;
			sourceTree = "<group>";
		};
		00DBC1782B1A265100798165 /* Auth */ = {
			isa = PBXGroup;
			children = (
				00DBC1872B1A6BDD00798165 /* Models */,
				00DBC1862B1A6BC300798165 /* Services */,
				00DBC1852B1A6BB700798165 /* Views */,
			);
			path = Auth;
			sourceTree = "<group>";
		};
		00DBC1852B1A6BB700798165 /* Views */ = {
			isa = PBXGroup;
			children = (
				00DBC1792B1A266200798165 /* AuthViewController.swift */,
				00DBC17B2B1A26E300798165 /* WebViewViewController.swift */,
				00DBC17D2B1A338800798165 /* WebViewViewControllerDelegate.swift */,
				00DBC1902B1A7A6900798165 /* AuthViewControllerDelegate.swift */,
			);
			path = Views;
			sourceTree = "<group>";
		};
		00DBC1862B1A6BC300798165 /* Services */ = {
			isa = PBXGroup;
			children = (
				00DBC1812B1A691A00798165 /* OAuth2Service.swift */,
				00DBC1832B1A696A00798165 /* OAuth2TokenStorage.swift */,
			);
			path = Services;
			sourceTree = "<group>";
		};
		00DBC1872B1A6BDD00798165 /* Models */ = {
			isa = PBXGroup;
			children = (
				00DBC17F2B1A686A00798165 /* OAuthTokenResponseBody.swift */,
			);
			path = Models;
			sourceTree = "<group>";
		};
		00DBC1882B1A6BF200798165 /* Helpers */ = {
			isa = PBXGroup;
			children = (
				00DBC1892B1A6C4100798165 /* URLSession+Extensions.swift */,
				00DBC18B2B1A6C5F00798165 /* URLRequest+Extensions.swift */,
				00B3F4462B2B15EF00EB0D6B /* UIBlockingProgressHUD.swift */,
				002DC1D12B5B29EF000E136B /* Date+Extension.swift */,
			);
			path = Helpers;
			sourceTree = "<group>";
		};
		00DBC18D2B1A762000798165 /* SplashScreen */ = {
			isa = PBXGroup;
			children = (
				00DBC18E2B1A76DD00798165 /* SplashScreenViewController.swift */,
			);
			path = SplashScreen;
			sourceTree = "<group>";
		};
/* End PBXGroup section */

/* Begin PBXNativeTarget section */
		00A16D7F2AFB74DB0007E1A5 /* ImageFeed */ = {
			isa = PBXNativeTarget;
			buildConfigurationList = 00A16D942AFB74DC0007E1A5 /* Build configuration list for PBXNativeTarget "ImageFeed" */;
			buildPhases = (
				00A16D7C2AFB74DB0007E1A5 /* Sources */,
				00A16D7D2AFB74DB0007E1A5 /* Frameworks */,
				00A16D7E2AFB74DB0007E1A5 /* Resources */,
			);
			buildRules = (
			);
			dependencies = (
			);
			name = ImageFeed;
			packageProductDependencies = (
				00B3F4442B2B063600EB0D6B /* ProgressHUD */,
				00B3F4562B2B745500EB0D6B /* Kingfisher */,
				00B3F4582B2BB8A700EB0D6B /* Kingfisher */,
				00B3F45B2B2BB8CB00EB0D6B /* SwiftKeychainWrapper */,
			);
			productName = ImageFeed;
			productReference = 00A16D802AFB74DB0007E1A5 /* ImageFeed.app */;
			productType = "com.apple.product-type.application";
		};
/* End PBXNativeTarget section */

/* Begin PBXProject section */
		00A16D782AFB74DA0007E1A5 /* Project object */ = {
			isa = PBXProject;
			attributes = {
				BuildIndependentTargetsInParallel = 1;
				LastSwiftUpdateCheck = 1500;
				LastUpgradeCheck = 1500;
				TargetAttributes = {
					00A16D7F2AFB74DB0007E1A5 = {
						CreatedOnToolsVersion = 15.0;
					};
				};
			};
			buildConfigurationList = 00A16D7B2AFB74DA0007E1A5 /* Build configuration list for PBXProject "ImageFeed" */;
			compatibilityVersion = "Xcode 14.0";
			developmentRegion = en;
			hasScannedForEncodings = 0;
			knownRegions = (
				en,
				Base,
			);
			mainGroup = 00A16D772AFB74DA0007E1A5;
			packageReferences = (
				00B3F4432B2B063600EB0D6B /* XCRemoteSwiftPackageReference "ProgressHUD" */,
				00B3F4552B2B745500EB0D6B /* XCRemoteSwiftPackageReference "Kingfisher" */,
				00B3F45A2B2BB8CB00EB0D6B /* XCRemoteSwiftPackageReference "SwiftKeychainWrapper" */,
			);
			productRefGroup = 00A16D812AFB74DB0007E1A5 /* Products */;
			projectDirPath = "";
			projectRoot = "";
			targets = (
				00A16D7F2AFB74DB0007E1A5 /* ImageFeed */,
			);
		};
/* End PBXProject section */

/* Begin PBXResourcesBuildPhase section */
		00A16D7E2AFB74DB0007E1A5 /* Resources */ = {
			isa = PBXResourcesBuildPhase;
			buildActionMask = 2147483647;
			files = (
				00A16D902AFB74DC0007E1A5 /* LaunchScreen.storyboard in Resources */,
				00A16D8D2AFB74DC0007E1A5 /* Assets.xcassets in Resources */,
				00A16D8B2AFB74DB0007E1A5 /* Main.storyboard in Resources */,
			);
			runOnlyForDeploymentPostprocessing = 0;
		};
/* End PBXResourcesBuildPhase section */

/* Begin PBXSourcesBuildPhase section */
		00A16D7C2AFB74DB0007E1A5 /* Sources */ = {
			isa = PBXSourcesBuildPhase;
			buildActionMask = 2147483647;
			files = (
				0045893A2B5A7E2D007E1A62 /* ImagesListService.swift in Sources */,
				00A16D882AFB74DB0007E1A5 /* ImagesListViewController.swift in Sources */,
				00DBC17E2B1A338800798165 /* WebViewViewControllerDelegate.swift in Sources */,
				00DBC1822B1A691A00798165 /* OAuth2Service.swift in Sources */,
				002DC1D02B5B02C2000E136B /* ImagesListCellDelegate.swift in Sources */,
				00DBC18C2B1A6C5F00798165 /* URLRequest+Extensions.swift in Sources */,
				00A16DBA2AFCAD650007E1A5 /* ImagesListCell.swift in Sources */,
				004589402B5A813E007E1A62 /* PhotoResult.swift in Sources */,
				0045893D2B5A7E6F007E1A62 /* Photo.swift in Sources */,
				0073E7962B05E22000E05D1C /* ProfileViewController.swift in Sources */,
				00DBC1802B1A686A00798165 /* OAuthTokenResponseBody.swift in Sources */,
				00DBC1912B1A7A6900798165 /* AuthViewControllerDelegate.swift in Sources */,
				00B3F4542B2B491E00EB0D6B /* UserResult.swift in Sources */,
				00B3F45F2B2BBBAA00EB0D6B /* TabBarController.swift in Sources */,
				00A16D842AFB74DB0007E1A5 /* AppDelegate.swift in Sources */,
				00DBC17A2B1A266200798165 /* AuthViewController.swift in Sources */,
				002DC1D22B5B29EF000E136B /* Date+Extension.swift in Sources */,
				00B3F4502B2B354800EB0D6B /* Profile.swift in Sources */,
				00B3F4522B2B482B00EB0D6B /* ProfileImageService.swift in Sources */,
				00DBC1772B185DA700798165 /* Constants.swift in Sources */,
				00DBC18F2B1A76DD00798165 /* SplashScreenViewController.swift in Sources */,
				0073E7992B06037C00E05D1C /* SingleImageViewController.swift in Sources */,
				00DBC17C2B1A26E300798165 /* WebViewViewController.swift in Sources */,
				00B3F44B2B2B335700EB0D6B /* ProfileService.swift in Sources */,
				00DBC1842B1A696A00798165 /* OAuth2TokenStorage.swift in Sources */,
				00DBC18A2B1A6C4100798165 /* URLSession+Extensions.swift in Sources */,
				00A16D862AFB74DB0007E1A5 /* SceneDelegate.swift in Sources */,
				00B3F44E2B2B33FA00EB0D6B /* ProfileResult.swift in Sources */,
				00B3F4472B2B15EF00EB0D6B /* UIBlockingProgressHUD.swift in Sources */,
			);
			runOnlyForDeploymentPostprocessing = 0;
		};
/* End PBXSourcesBuildPhase section */

/* Begin PBXVariantGroup section */
		00A16D892AFB74DB0007E1A5 /* Main.storyboard */ = {
			isa = PBXVariantGroup;
			children = (
				00A16D8A2AFB74DB0007E1A5 /* Base */,
			);
			name = Main.storyboard;
			sourceTree = "<group>";
		};
		00A16D8E2AFB74DC0007E1A5 /* LaunchScreen.storyboard */ = {
			isa = PBXVariantGroup;
			children = (
				00A16D8F2AFB74DC0007E1A5 /* Base */,
			);
			name = LaunchScreen.storyboard;
			sourceTree = "<group>";
		};
/* End PBXVariantGroup section */

/* Begin XCBuildConfiguration section */
		00A16D922AFB74DC0007E1A5 /* Debug */ = {
			isa = XCBuildConfiguration;
			buildSettings = {
				ALWAYS_SEARCH_USER_PATHS = NO;
				ASSETCATALOG_COMPILER_GENERATE_SWIFT_ASSET_SYMBOL_EXTENSIONS = YES;
				CLANG_ANALYZER_NONNULL = YES;
				CLANG_ANALYZER_NUMBER_OBJECT_CONVERSION = YES_AGGRESSIVE;
				CLANG_CXX_LANGUAGE_STANDARD = "gnu++20";
				CLANG_ENABLE_MODULES = YES;
				CLANG_ENABLE_OBJC_ARC = YES;
				CLANG_ENABLE_OBJC_WEAK = YES;
				CLANG_WARN_BLOCK_CAPTURE_AUTORELEASING = YES;
				CLANG_WARN_BOOL_CONVERSION = YES;
				CLANG_WARN_COMMA = YES;
				CLANG_WARN_CONSTANT_CONVERSION = YES;
				CLANG_WARN_DEPRECATED_OBJC_IMPLEMENTATIONS = YES;
				CLANG_WARN_DIRECT_OBJC_ISA_USAGE = YES_ERROR;
				CLANG_WARN_DOCUMENTATION_COMMENTS = YES;
				CLANG_WARN_EMPTY_BODY = YES;
				CLANG_WARN_ENUM_CONVERSION = YES;
				CLANG_WARN_INFINITE_RECURSION = YES;
				CLANG_WARN_INT_CONVERSION = YES;
				CLANG_WARN_NON_LITERAL_NULL_CONVERSION = YES;
				CLANG_WARN_OBJC_IMPLICIT_RETAIN_SELF = YES;
				CLANG_WARN_OBJC_LITERAL_CONVERSION = YES;
				CLANG_WARN_OBJC_ROOT_CLASS = YES_ERROR;
				CLANG_WARN_QUOTED_INCLUDE_IN_FRAMEWORK_HEADER = YES;
				CLANG_WARN_RANGE_LOOP_ANALYSIS = YES;
				CLANG_WARN_STRICT_PROTOTYPES = YES;
				CLANG_WARN_SUSPICIOUS_MOVE = YES;
				CLANG_WARN_UNGUARDED_AVAILABILITY = YES_AGGRESSIVE;
				CLANG_WARN_UNREACHABLE_CODE = YES;
				CLANG_WARN__DUPLICATE_METHOD_MATCH = YES;
				COPY_PHASE_STRIP = NO;
				DEBUG_INFORMATION_FORMAT = dwarf;
				ENABLE_STRICT_OBJC_MSGSEND = YES;
				ENABLE_TESTABILITY = YES;
				ENABLE_USER_SCRIPT_SANDBOXING = YES;
				GCC_C_LANGUAGE_STANDARD = gnu17;
				GCC_DYNAMIC_NO_PIC = NO;
				GCC_NO_COMMON_BLOCKS = YES;
				GCC_OPTIMIZATION_LEVEL = 0;
				GCC_PREPROCESSOR_DEFINITIONS = (
					"DEBUG=1",
					"$(inherited)",
				);
				GCC_WARN_64_TO_32_BIT_CONVERSION = YES;
				GCC_WARN_ABOUT_RETURN_TYPE = YES_ERROR;
				GCC_WARN_UNDECLARED_SELECTOR = YES;
				GCC_WARN_UNINITIALIZED_AUTOS = YES_AGGRESSIVE;
				GCC_WARN_UNUSED_FUNCTION = YES;
				GCC_WARN_UNUSED_VARIABLE = YES;
				IPHONEOS_DEPLOYMENT_TARGET = 13.0;
				LOCALIZATION_PREFERS_STRING_CATALOGS = YES;
				MTL_ENABLE_DEBUG_INFO = INCLUDE_SOURCE;
				MTL_FAST_MATH = YES;
				ONLY_ACTIVE_ARCH = YES;
				SDKROOT = iphoneos;
				SWIFT_ACTIVE_COMPILATION_CONDITIONS = "DEBUG $(inherited)";
				SWIFT_OPTIMIZATION_LEVEL = "-Onone";
			};
			name = Debug;
		};
		00A16D932AFB74DC0007E1A5 /* Release */ = {
			isa = XCBuildConfiguration;
			buildSettings = {
				ALWAYS_SEARCH_USER_PATHS = NO;
				ASSETCATALOG_COMPILER_GENERATE_SWIFT_ASSET_SYMBOL_EXTENSIONS = YES;
				CLANG_ANALYZER_NONNULL = YES;
				CLANG_ANALYZER_NUMBER_OBJECT_CONVERSION = YES_AGGRESSIVE;
				CLANG_CXX_LANGUAGE_STANDARD = "gnu++20";
				CLANG_ENABLE_MODULES = YES;
				CLANG_ENABLE_OBJC_ARC = YES;
				CLANG_ENABLE_OBJC_WEAK = YES;
				CLANG_WARN_BLOCK_CAPTURE_AUTORELEASING = YES;
				CLANG_WARN_BOOL_CONVERSION = YES;
				CLANG_WARN_COMMA = YES;
				CLANG_WARN_CONSTANT_CONVERSION = YES;
				CLANG_WARN_DEPRECATED_OBJC_IMPLEMENTATIONS = YES;
				CLANG_WARN_DIRECT_OBJC_ISA_USAGE = YES_ERROR;
				CLANG_WARN_DOCUMENTATION_COMMENTS = YES;
				CLANG_WARN_EMPTY_BODY = YES;
				CLANG_WARN_ENUM_CONVERSION = YES;
				CLANG_WARN_INFINITE_RECURSION = YES;
				CLANG_WARN_INT_CONVERSION = YES;
				CLANG_WARN_NON_LITERAL_NULL_CONVERSION = YES;
				CLANG_WARN_OBJC_IMPLICIT_RETAIN_SELF = YES;
				CLANG_WARN_OBJC_LITERAL_CONVERSION = YES;
				CLANG_WARN_OBJC_ROOT_CLASS = YES_ERROR;
				CLANG_WARN_QUOTED_INCLUDE_IN_FRAMEWORK_HEADER = YES;
				CLANG_WARN_RANGE_LOOP_ANALYSIS = YES;
				CLANG_WARN_STRICT_PROTOTYPES = YES;
				CLANG_WARN_SUSPICIOUS_MOVE = YES;
				CLANG_WARN_UNGUARDED_AVAILABILITY = YES_AGGRESSIVE;
				CLANG_WARN_UNREACHABLE_CODE = YES;
				CLANG_WARN__DUPLICATE_METHOD_MATCH = YES;
				COPY_PHASE_STRIP = NO;
				DEBUG_INFORMATION_FORMAT = "dwarf-with-dsym";
				ENABLE_NS_ASSERTIONS = NO;
				ENABLE_STRICT_OBJC_MSGSEND = YES;
				ENABLE_USER_SCRIPT_SANDBOXING = YES;
				GCC_C_LANGUAGE_STANDARD = gnu17;
				GCC_NO_COMMON_BLOCKS = YES;
				GCC_WARN_64_TO_32_BIT_CONVERSION = YES;
				GCC_WARN_ABOUT_RETURN_TYPE = YES_ERROR;
				GCC_WARN_UNDECLARED_SELECTOR = YES;
				GCC_WARN_UNINITIALIZED_AUTOS = YES_AGGRESSIVE;
				GCC_WARN_UNUSED_FUNCTION = YES;
				GCC_WARN_UNUSED_VARIABLE = YES;
				IPHONEOS_DEPLOYMENT_TARGET = 13.0;
				LOCALIZATION_PREFERS_STRING_CATALOGS = YES;
				MTL_ENABLE_DEBUG_INFO = NO;
				MTL_FAST_MATH = YES;
				SDKROOT = iphoneos;
				SWIFT_COMPILATION_MODE = wholemodule;
				VALIDATE_PRODUCT = YES;
			};
			name = Release;
		};
		00A16D952AFB74DC0007E1A5 /* Debug */ = {
			isa = XCBuildConfiguration;
			buildSettings = {
				ASSETCATALOG_COMPILER_APPICON_NAME = AppIcon;
				ASSETCATALOG_COMPILER_GLOBAL_ACCENT_COLOR_NAME = AccentColor;
				CODE_SIGN_STYLE = Automatic;
				CURRENT_PROJECT_VERSION = 1;
				DEVELOPMENT_TEAM = KPDY9N2JR6;
				GENERATE_INFOPLIST_FILE = YES;
				INFOPLIST_FILE = ImageFeed/Info.plist;
				INFOPLIST_KEY_UIApplicationSupportsIndirectInputEvents = YES;
				INFOPLIST_KEY_UILaunchStoryboardName = LaunchScreen;
				INFOPLIST_KEY_UIMainStoryboardFile = Main;
				INFOPLIST_KEY_UIStatusBarStyle = "";
				INFOPLIST_KEY_UISupportedInterfaceOrientations_iPhone = UIInterfaceOrientationPortrait;
				IPHONEOS_DEPLOYMENT_TARGET = 13.0;
				LD_RUNPATH_SEARCH_PATHS = (
					"$(inherited)",
					"@executable_path/Frameworks",
				);
				MARKETING_VERSION = 1.0;
				PRODUCT_BUNDLE_IDENTIFIER = ru.sazonov.ImageFeed;
				PRODUCT_NAME = "$(TARGET_NAME)";
				SUPPORTED_PLATFORMS = "iphoneos iphonesimulator";
				SUPPORTS_MACCATALYST = NO;
				SWIFT_EMIT_LOC_STRINGS = YES;
				SWIFT_VERSION = 5.0;
				TARGETED_DEVICE_FAMILY = 1;
			};
			name = Debug;
		};
		00A16D962AFB74DC0007E1A5 /* Release */ = {
			isa = XCBuildConfiguration;
			buildSettings = {
				ASSETCATALOG_COMPILER_APPICON_NAME = AppIcon;
				ASSETCATALOG_COMPILER_GLOBAL_ACCENT_COLOR_NAME = AccentColor;
				CODE_SIGN_STYLE = Automatic;
				CURRENT_PROJECT_VERSION = 1;
				DEVELOPMENT_TEAM = KPDY9N2JR6;
				GENERATE_INFOPLIST_FILE = YES;
				INFOPLIST_FILE = ImageFeed/Info.plist;
				INFOPLIST_KEY_UIApplicationSupportsIndirectInputEvents = YES;
				INFOPLIST_KEY_UILaunchStoryboardName = LaunchScreen;
				INFOPLIST_KEY_UIMainStoryboardFile = Main;
				INFOPLIST_KEY_UIStatusBarStyle = "";
				INFOPLIST_KEY_UISupportedInterfaceOrientations_iPhone = UIInterfaceOrientationPortrait;
				IPHONEOS_DEPLOYMENT_TARGET = 13.0;
				LD_RUNPATH_SEARCH_PATHS = (
					"$(inherited)",
					"@executable_path/Frameworks",
				);
				MARKETING_VERSION = 1.0;
				PRODUCT_BUNDLE_IDENTIFIER = ru.sazonov.ImageFeed;
				PRODUCT_NAME = "$(TARGET_NAME)";
				SUPPORTED_PLATFORMS = "iphoneos iphonesimulator";
				SUPPORTS_MACCATALYST = NO;
				SWIFT_EMIT_LOC_STRINGS = YES;
				SWIFT_VERSION = 5.0;
				TARGETED_DEVICE_FAMILY = 1;
			};
			name = Release;
		};
/* End XCBuildConfiguration section */

/* Begin XCConfigurationList section */
		00A16D7B2AFB74DA0007E1A5 /* Build configuration list for PBXProject "ImageFeed" */ = {
			isa = XCConfigurationList;
			buildConfigurations = (
				00A16D922AFB74DC0007E1A5 /* Debug */,
				00A16D932AFB74DC0007E1A5 /* Release */,
			);
			defaultConfigurationIsVisible = 0;
			defaultConfigurationName = Release;
		};
		00A16D942AFB74DC0007E1A5 /* Build configuration list for PBXNativeTarget "ImageFeed" */ = {
			isa = XCConfigurationList;
			buildConfigurations = (
				00A16D952AFB74DC0007E1A5 /* Debug */,
				00A16D962AFB74DC0007E1A5 /* Release */,
			);
			defaultConfigurationIsVisible = 0;
			defaultConfigurationName = Release;
		};
/* End XCConfigurationList section */

/* Begin XCRemoteSwiftPackageReference section */
		00B3F4432B2B063600EB0D6B /* XCRemoteSwiftPackageReference "ProgressHUD" */ = {
			isa = XCRemoteSwiftPackageReference;
			repositoryURL = "https://github.com/relatedcode/ProgressHUD";
			requirement = {
				kind = upToNextMajorVersion;
				minimumVersion = 13.8.6;
			};
		};
		00B3F4552B2B745500EB0D6B /* XCRemoteSwiftPackageReference "Kingfisher" */ = {
			isa = XCRemoteSwiftPackageReference;
			repositoryURL = "https://github.com/onevcat/Kingfisher";
			requirement = {
				kind = upToNextMajorVersion;
				minimumVersion = 7.10.1;
			};
		};
		00B3F45A2B2BB8CB00EB0D6B /* XCRemoteSwiftPackageReference "SwiftKeychainWrapper" */ = {
			isa = XCRemoteSwiftPackageReference;
			repositoryURL = "https://github.com/jrendel/SwiftKeychainWrapper";
			requirement = {
				kind = upToNextMajorVersion;
				minimumVersion = 4.0.1;
			};
		};
/* End XCRemoteSwiftPackageReference section */

/* Begin XCSwiftPackageProductDependency section */
		00B3F4442B2B063600EB0D6B /* ProgressHUD */ = {
			isa = XCSwiftPackageProductDependency;
			package = 00B3F4432B2B063600EB0D6B /* XCRemoteSwiftPackageReference "ProgressHUD" */;
			productName = ProgressHUD;
		};
		00B3F4562B2B745500EB0D6B /* Kingfisher */ = {
			isa = XCSwiftPackageProductDependency;
			package = 00B3F4552B2B745500EB0D6B /* XCRemoteSwiftPackageReference "Kingfisher" */;
			productName = Kingfisher;
		};
		00B3F4582B2BB8A700EB0D6B /* Kingfisher */ = {
			isa = XCSwiftPackageProductDependency;
			package = 00B3F4552B2B745500EB0D6B /* XCRemoteSwiftPackageReference "Kingfisher" */;
			productName = Kingfisher;
		};
		00B3F45B2B2BB8CB00EB0D6B /* SwiftKeychainWrapper */ = {
			isa = XCSwiftPackageProductDependency;
			package = 00B3F45A2B2BB8CB00EB0D6B /* XCRemoteSwiftPackageReference "SwiftKeychainWrapper" */;
			productName = SwiftKeychainWrapper;
		};
/* End XCSwiftPackageProductDependency section */
	};
	rootObject = 00A16D782AFB74DA0007E1A5 /* Project object */;
}
